github.com/drone/go-scm v1.40.1 h1:VmXMlIbBmyLRw1FCo0ML26PI+n7bMiQuFhs2LlFOTn4=
github.com/drone/go-scm v1.40.1/go.mod h1:DFIJJjhMj0TSXPz+0ni4nyZ9gtTtC40Vh/TGRugtyWw=
github.com/google/go-cmp v0.2.0 h1:+dTQ8DZQJz0Mb/HjFlkptS1FeQ4cWSnN941F8aEG4SQ=
github.com/google/go-cmp v0.2.0/go.mod h1:oXzfMopK8JAjlY9xF4vHSVASa0yLyX7SntLO5aqRK0M=
github.com/gorilla/mux v1.8.1 h1:TuBL49tXwgrFYWhqrNgrUNEY92u81SPhu7sTdzQEiWY=
github.com/gorilla/mux v1.8.1/go.mod h1:AKf9I4AEqPTmMytcMc0KkNouC66V3BtZ4qD5fmWSiMQ=
github.com/h2non/gock v1.0.9 h1:17gCehSo8ZOgEsFKpQgqHiR7VLyjxdAG3lkhVvO9QZU=
github.com/h2non/gock v1.0.9/go.mod h1:CZMcB0Lg5IWnr9bF79pPMg9WeV6WumxQiUJ1UvdO1iE=
github.com/nbio/st v0.0.0-20140626010706-e9e8d9816f32/go.mod h1:9wM+0iRr9ahx58uYLpLIr5fm8diHn0JbqRycJi6w0Ms=
